
Microsoft Visual Studio Solution File, Format Version 12.00
# Visual Studio Version 17
VisualStudioVersion = 17.14.37314.3
MinimumVisualStudioVersion = 10.0.40219.1
Project("{FAE04EC0-301F-11D3-BF4B-00C04F79EFBC}") = "LadinLib", "LadinLib\LadinLib.csproj", "{979FFBC8-481D-4A4B-B030-4E07C2EAD43E}"
EndProject
Project("{FAE04EC0-301F-11D3-BF4B-00C04F79EFBC}") = "LadinApp", "LadinApp\LadinApp.csproj", "{48D7A14A-FE6E-42BE-9941-0798191A38A2}"
EndProject
Project("{FAE04EC0-301F-11D3-BF4B-00C04F79EFBC}") = "LadinTests", "LadinTests\LadinTests.csproj", "{12D4E8F7-1B5F-4B82-A48C-00098C1F8595}"
EndProject
Global
	GlobalSection(SolutionConfigurationPlatforms) = preSolution
		Debug|Any CPU = Debug|Any CPU
		Release|Any CPU = Release|Any CPU
	EndGlobalSection
	GlobalSection(ProjectConfigurationPlatforms) = postSolution
		{979FFBC8-481D-4A4B-B030-4E07C2EAD43E}.Debug|Any CPU.ActiveCfg = Debug|Any CPU
		{979FFBC8-481D-4A4B-B030-4E07C2EAD43E}.Debug|Any CPU.Build.0 = Debug|Any CPU
		{979FFBC8-481D-4A4B-B030-4E07C2EAD43E}.Release|Any CPU.ActiveCfg = Release|Any CPU
		{979FFBC8-481D-4A4B-B030-4E07C2EAD43E}.Release|Any CPU.Build.0 = Release|Any CPU
		{48D7A14A-FE6E-42BE-9941-0798191A38A2}.Debug|Any CPU.ActiveCfg = Debug|Any CPU
		{48D7A14A-FE6E-42BE-9941-0798191A38A2}.Debug|Any CPU.Build.0 = Debug|Any CPU
		{48D7A14A-FE6E-42BE-9941-0798191A38A2}.Release|Any CPU.ActiveCfg = Release|Any CPU
		{48D7A14A-FE6E-42BE-9941-0798191A38A2}.Release|Any CPU.Build.0 = Release|Any CPU
		{12D4E8F7-1B5F-4B82-A48C-00098C1F8595}.Debug|Any CPU.ActiveCfg = Debug|Any CPU
		{12D4E8F7-1B5F-4B82-A48C-00098C1F8595}.Debug|Any CPU.Build.0 = Debug|Any CPU
		{12D4E8F7-1B5F-4B82-A48C-00098C1F8595}.Release|Any CPU.ActiveCfg = Release|Any CPU
		{12D4E8F7-1B5F-4B82-A48C-00098C1F8595}.Release|Any CPU.Build.0 = Release|Any CPU
	EndGlobalSection
	GlobalSection(SolutionProperties) = preSolution
		HideSolutionNode = FALSE
	EndGlobalSection
	GlobalSection(ExtensibilityGlobals) = postSolution
		SolutionGuid = {0797CFDD-855D-4CBB-8B2A-1595D5668500}
	EndGlobalSection
EndGlobal
